// !$*UTF8*$!
{
	archiveVersion = 1;
	classes = {
	};
	objectVersion = 46;
	objects = {

/* Begin PBXBuildFile section */
		1A30E5CFEB5ECF71489505A9 /* libPods-LottieDemoUITests.a in Frameworks */ = {isa = PBXBuildFile; fileRef = CF1F03B7426ACAD07E932082 /* libPods-LottieDemoUITests.a */; };
		8FB8DBF0E114178344A2198F /* libPods-LottieDemo.a in Frameworks */ = {isa = PBXBuildFile; fileRef = 8E2868532B0CD5CA673B93C3 /* libPods-LottieDemo.a */; };
		B5AC28E2E7BCBDAE894A4CDF /* libPods-LottieDemoTests.a in Frameworks */ = {isa = PBXBuildFile; fileRef = F9727EAABE93002CBB4E17F7 /* libPods-LottieDemoTests.a */; };
		D8F83E451EBAFE880055E33E /* main.m in Sources */ = {isa = PBXBuildFile; fileRef = D8F83E441EBAFE880055E33E /* main.m */; };
		D8F83E481EBAFE880055E33E /* AppDelegate.m in Sources */ = {isa = PBXBuildFile; fileRef = D8F83E471EBAFE880055E33E /* AppDelegate.m */; };
		D8F83E4B1EBAFE880055E33E /* ViewController.m in Sources */ = {isa = PBXBuildFile; fileRef = D8F83E4A1EBAFE880055E33E /* ViewController.m */; };
		D8F83E4E1EBAFE880055E33E /* Main.storyboard in Resources */ = {isa = PBXBuildFile; fileRef = D8F83E4C1EBAFE880055E33E /* Main.storyboard */; };
		D8F83E501EBAFE880055E33E /* Assets.xcassets in Resources */ = {isa = PBXBuildFile; fileRef = D8F83E4F1EBAFE880055E33E /* Assets.xcassets */; };
		D8F83E531EBAFE880055E33E /* LaunchScreen.storyboard in Resources */ = {isa = PBXBuildFile; fileRef = D8F83E511EBAFE880055E33E /* LaunchScreen.storyboard */; };
		D8F83E5E1EBAFE880055E33E /* LottieDemoTests.m in Sources */ = {isa = PBXBuildFile; fileRef = D8F83E5D1EBAFE880055E33E /* LottieDemoTests.m */; };
		D8F83E691EBAFE880055E33E /* LottieDemoUITests.m in Sources */ = {isa = PBXBuildFile; fileRef = D8F83E681EBAFE880055E33E /* LottieDemoUITests.m */; };
		D8F83E771EBB048C0055E33E /* fish.json in Resources */ = {isa = PBXBuildFile; fileRef = D8F83E761EBB048C0055E33E /* fish.json */; };
		D8F83E791EBB08820055E33E /* servishero_loading.json in Resources */ = {isa = PBXBuildFile; fileRef = D8F83E781EBB08820055E33E /* servishero_loading.json */; };
/* End PBXBuildFile section */

/* Begin PBXContainerItemProxy section */
		D8F83E5A1EBAFE880055E33E /* PBXContainerItemProxy */ = {
			isa = PBXContainerItemProxy;
			containerPortal = D8F83E381EBAFE880055E33E /* Project object */;
			proxyType = 1;
			remoteGlobalIDString = D8F83E3F1EBAFE880055E33E;
			remoteInfo = LottieDemo;
		};
		D8F83E651EBAFE880055E33E /* PBXContainerItemProxy */ = {
			isa = PBXContainerItemProxy;
			containerPortal = D8F83E381EBAFE880055E33E /* Project object */;
			proxyType = 1;
			remoteGlobalIDString = D8F83E3F1EBAFE880055E33E;
			remoteInfo = LottieDemo;
		};
/* End PBXContainerItemProxy section */

/* Begin PBXFileReference section */
		0A646710D574FF0DE9043CEF /* Pods-LottieDemo.release.xcconfig */ = {isa = PBXFileReference; includeInIndex = 1; lastKnownFileType = text.xcconfig; name = "Pods-LottieDemo.release.xcconfig"; path = "Pods/Target Support Files/Pods-LottieDemo/Pods-LottieDemo.release.xcconfig"; sourceTree = "<group>"; };
		32D3C51FAFDE665796771362 /* Pods-LottieDemoTests.debug.xcconfig */ = {isa = PBXFileReference; includeInIndex = 1; lastKnownFileType = text.xcconfig; name = "Pods-LottieDemoTests.debug.xcconfig"; path = "Pods/Target Support Files/Pods-LottieDemoTests/Pods-LottieDemoTests.debug.xcconfig"; sourceTree = "<group>"; };
		8E2868532B0CD5CA673B93C3 /* libPods-LottieDemo.a */ = {isa = PBXFileReference; explicitFileType = archive.ar; includeInIndex = 0; path = "libPods-LottieDemo.a"; sourceTree = BUILT_PRODUCTS_DIR; };
		A228D703F94C11259DCEB83C /* Pods-LottieDemo.debug.xcconfig */ = {isa = PBXFileReference; includeInIndex = 1; lastKnownFileType = text.xcconfig; name = "Pods-LottieDemo.debug.xcconfig"; path = "Pods/Target Support Files/Pods-LottieDemo/Pods-LottieDemo.debug.xcconfig"; sourceTree = "<group>"; };
		AE632DA029D20C95A1FA80E1 /* Pods-LottieDemoUITests.debug.xcconfig */ = {isa = PBXFileReference; includeInIndex = 1; lastKnownFileType = text.xcconfig; name = "Pods-LottieDemoUITests.debug.xcconfig"; path = "Pods/Target Support Files/Pods-LottieDemoUITests/Pods-LottieDemoUITests.debug.xcconfig"; sourceTree = "<group>"; };
		CEE3911885B4F4CCDDC64FB3 /* Pods-LottieDemoTests.release.xcconfig */ = {isa = PBXFileReference; includeInIndex = 1; lastKnownFileType = text.xcconfig; name = "Pods-LottieDemoTests.release.xcconfig"; path = "Pods/Target Support Files/Pods-LottieDemoTests/Pods-LottieDemoTests.release.xcconfig"; sourceTree = "<group>"; };
		CF1F03B7426ACAD07E932082 /* libPods-LottieDemoUITests.a */ = {isa = PBXFileReference; explicitFileType = archive.ar; includeInIndex = 0; path = "libPods-LottieDemoUITests.a"; sourceTree = BUILT_PRODUCTS_DIR; };
		D8F83E401EBAFE880055E33E /* LottieDemo.app */ = {isa = PBXFileReference; explicitFileType = wrapper.application; includeInIndex = 0; path = LottieDemo.app; sourceTree = BUILT_PRODUCTS_DIR; };
		D8F83E441EBAFE880055E33E /* main.m */ = {isa = PBXFileReference; lastKnownFileType = sourcecode.c.objc; path = main.m; sourceTree = "<group>"; };
		D8F83E461EBAFE880055E33E /* AppDelegate.h */ = {isa = PBXFileReference; lastKnownFileType = sourcecode.c.h; path = AppDelegate.h; sourceTree = "<group>"; };
		D8F83E471EBAFE880055E33E /* AppDelegate.m */ = {isa = PBXFileReference; lastKnownFileType = sourcecode.c.objc; path = AppDelegate.m; sourceTree = "<group>"; };
		D8F83E491EBAFE880055E33E /* ViewController.h */ = {isa = PBXFileReference; lastKnownFileType = sourcecode.c.h; path = ViewController.h; sourceTree = "<group>"; };
		D8F83E4A1EBAFE880055E33E /* ViewController.m */ = {isa = PBXFileReference; lastKnownFileType = sourcecode.c.objc; path = ViewController.m; sourceTree = "<group>"; };
		D8F83E4D1EBAFE880055E33E /* Base */ = {isa = PBXFileReference; lastKnownFileType = file.storyboard; name = Base; path = Base.lproj/Main.storyboard; sourceTree = "<group>"; };
		D8F83E4F1EBAFE880055E33E /* Assets.xcassets */ = {isa = PBXFileReference; lastKnownFileType = folder.assetcatalog; path = Assets.xcassets; sourceTree = "<group>"; };
		D8F83E521EBAFE880055E33E /* Base */ = {isa = PBXFileReference; lastKnownFileType = file.storyboard; name = Base; path = Base.lproj/LaunchScreen.storyboard; sourceTree = "<group>"; };
		D8F83E541EBAFE880055E33E /* Info.plist */ = {isa = PBXFileReference; lastKnownFileType = text.plist.xml; path = Info.plist; sourceTree = "<group>"; };
		D8F83E591EBAFE880055E33E /* LottieDemoTests.xctest */ = {isa = PBXFileReference; explicitFileType = wrapper.cfbundle; includeInIndex = 0; path = LottieDemoTests.xctest; sourceTree = BUILT_PRODUCTS_DIR; };
		D8F83E5D1EBAFE880055E33E /* LottieDemoTests.m */ = {isa = PBXFileReference; lastKnownFileType = sourcecode.c.objc; path = LottieDemoTests.m; sourceTree = "<group>"; };
		D8F83E5F1EBAFE880055E33E /* Info.plist */ = {isa = PBXFileReference; lastKnownFileType = text.plist.xml; path = Info.plist; sourceTree = "<group>"; };
		D8F83E641EBAFE880055E33E /* LottieDemoUITests.xctest */ = {isa = PBXFileReference; explicitFileType = wrapper.cfbundle; includeInIndex = 0; path = LottieDemoUITests.xctest; sourceTree = BUILT_PRODUCTS_DIR; };
		D8F83E681EBAFE880055E33E /* LottieDemoUITests.m */ = {isa = PBXFileReference; lastKnownFileType = sourcecode.c.objc; path = LottieDemoUITests.m; sourceTree = "<group>"; };
		D8F83E6A1EBAFE880055E33E /* Info.plist */ = {isa = PBXFileReference; lastKnownFileType = text.plist.xml; path = Info.plist; sourceTree = "<group>"; };
		D8F83E761EBB048C0055E33E /* fish.json */ = {isa = PBXFileReference; fileEncoding = 4; lastKnownFileType = text.json; path = fish.json; sourceTree = "<group>"; };
		D8F83E781EBB08820055E33E /* servishero_loading.json */ = {isa = PBXFileReference; fileEncoding = 4; lastKnownFileType = text.json; path = servishero_loading.json; sourceTree = "<group>"; };
		E4082F86FFE7D07F80F3908E /* Pods-LottieDemoUITests.release.xcconfig */ = {isa = PBXFileReference; includeInIndex = 1; lastKnownFileType = text.xcconfig; name = "Pods-LottieDemoUITests.release.xcconfig"; path = "Pods/Target Support Files/Pods-LottieDemoUITests/Pods-LottieDemoUITests.release.xcconfig"; sourceTree = "<group>"; };
		F9727EAABE93002CBB4E17F7 /* libPods-LottieDemoTests.a */ = {isa = PBXFileReference; explicitFileType = archive.ar; includeInIndex = 0; path = "libPods-LottieDemoTests.a"; sourceTree = BUILT_PRODUCTS_DIR; };
/* End PBXFileReference section */

/* Begin PBXFrameworksBuildPhase section */
		D8F83E3D1EBAFE880055E33E /* Frameworks */ = {
			isa = PBXFrameworksBuildPhase;
			buildActionMask = 2147483647;
			files = (
				8FB8DBF0E114178344A2198F /* libPods-LottieDemo.a in Frameworks */,
			);
			runOnlyForDeploymentPostprocessing = 0;
		};
		D8F83E561EBAFE880055E33E /* Frameworks */ = {
			isa = PBXFrameworksBuildPhase;
			buildActionMask = 2147483647;
			files = (
				B5AC28E2E7BCBDAE894A4CDF /* libPods-LottieDemoTests.a in Frameworks */,
			);
			runOnlyForDeploymentPostprocessing = 0;
		};
		D8F83E611EBAFE880055E33E /* Frameworks */ = {
			isa = PBXFrameworksBuildPhase;
			buildActionMask = 2147483647;
			files = (
				1A30E5CFEB5ECF71489505A9 /* libPods-LottieDemoUITests.a in Frameworks */,
			);
			runOnlyForDeploymentPostprocessing = 0;
		};
/* End PBXFrameworksBuildPhase section */

/* Begin PBXGroup section */
		171469A2BCDA9ECCBA3E05CD /* Pods */ = {
			isa = PBXGroup;
			children = (
				A228D703F94C11259DCEB83C /* Pods-LottieDemo.debug.xcconfig */,
				0A646710D574FF0DE9043CEF /* Pods-LottieDemo.release.xcconfig */,
				32D3C51FAFDE665796771362 /* Pods-LottieDemoTests.debug.xcconfig */,
				CEE3911885B4F4CCDDC64FB3 /* Pods-LottieDemoTests.release.xcconfig */,
				AE632DA029D20C95A1FA80E1 /* Pods-LottieDemoUITests.debug.xcconfig */,
				E4082F86FFE7D07F80F3908E /* Pods-LottieDemoUITests.release.xcconfig */,
			);
			name = Pods;
			sourceTree = "<group>";
		};
		7F09A31A1CCDCC27D9332294 /* Frameworks */ = {
			isa = PBXGroup;
			children = (
				8E2868532B0CD5CA673B93C3 /* libPods-LottieDemo.a */,
				F9727EAABE93002CBB4E17F7 /* libPods-LottieDemoTests.a */,
				CF1F03B7426ACAD07E932082 /* libPods-LottieDemoUITests.a */,
			);
			name = Frameworks;
			sourceTree = "<group>";
		};
		D8F83E371EBAFE880055E33E = {
			isa = PBXGroup;
			children = (
				D8F83E421EBAFE880055E33E /* LottieDemo */,
				D8F83E5C1EBAFE880055E33E /* LottieDemoTests */,
				D8F83E671EBAFE880055E33E /* LottieDemoUITests */,
				D8F83E411EBAFE880055E33E /* Products */,
				171469A2BCDA9ECCBA3E05CD /* Pods */,
				7F09A31A1CCDCC27D9332294 /* Frameworks */,
			);
			sourceTree = "<group>";
		};
		D8F83E411EBAFE880055E33E /* Products */ = {
			isa = PBXGroup;
			children = (
				D8F83E401EBAFE880055E33E /* LottieDemo.app */,
				D8F83E591EBAFE880055E33E /* LottieDemoTests.xctest */,
				D8F83E641EBAFE880055E33E /* LottieDemoUITests.xctest */,
			);
			name = Products;
			sourceTree = "<group>";
		};
		D8F83E421EBAFE880055E33E /* LottieDemo */ = {
			isa = PBXGroup;
			children = (
				D8F83E781EBB08820055E33E /* servishero_loading.json */,
				D8F83E761EBB048C0055E33E /* fish.json */,
				D8F83E461EBAFE880055E33E /* AppDelegate.h */,
				D8F83E471EBAFE880055E33E /* AppDelegate.m */,
				D8F83E491EBAFE880055E33E /* ViewController.h */,
				D8F83E4A1EBAFE880055E33E /* ViewController.m */,
				D8F83E4C1EBAFE880055E33E /* Main.storyboard */,
				D8F83E4F1EBAFE880055E33E /* Assets.xcassets */,
				D8F83E511EBAFE880055E33E /* LaunchScreen.storyboard */,
				D8F83E541EBAFE880055E33E /* Info.plist */,
				D8F83E431EBAFE880055E33E /* Supporting Files */,
			);
			path = LottieDemo;
			sourceTree = "<group>";
		};
		D8F83E431EBAFE880055E33E /* Supporting Files */ = {
			isa = PBXGroup;
			children = (
				D8F83E441EBAFE880055E33E /* main.m */,
			);
			name = "Supporting Files";
			sourceTree = "<group>";
		};
		D8F83E5C1EBAFE880055E33E /* LottieDemoTests */ = {
			isa = PBXGroup;
			children = (
				D8F83E5D1EBAFE880055E33E /* LottieDemoTests.m */,
				D8F83E5F1EBAFE880055E33E /* Info.plist */,
			);
			path = LottieDemoTests;
			sourceTree = "<group>";
		};
		D8F83E671EBAFE880055E33E /* LottieDemoUITests */ = {
			isa = PBXGroup;
			children = (
				D8F83E681EBAFE880055E33E /* LottieDemoUITests.m */,
				D8F83E6A1EBAFE880055E33E /* Info.plist */,
			);
			path = LottieDemoUITests;
			sourceTree = "<group>";
		};
/* End PBXGroup section */

/* Begin PBXNativeTarget section */
		D8F83E3F1EBAFE880055E33E /* LottieDemo */ = {
			isa = PBXNativeTarget;
			buildConfigurationList = D8F83E6D1EBAFE880055E33E /* Build configuration list for PBXNativeTarget "LottieDemo" */;
			buildPhases = (
				B9E2E2B54A76AFD62D41EA62 /* [CP] Check Pods Manifest.lock */,
				D8F83E3C1EBAFE880055E33E /* Sources */,
				D8F83E3D1EBAFE880055E33E /* Frameworks */,
				D8F83E3E1EBAFE880055E33E /* Resources */,
				30C58F50E6C45C1C82DEA63F /* [CP] Embed Pods Frameworks */,
				2F06D81988C64B690B280789 /* [CP] Copy Pods Resources */,
			);
			buildRules = (
			);
			dependencies = (
			);
			name = LottieDemo;
			productName = LottieDemo;
			productReference = D8F83E401EBAFE880055E33E /* LottieDemo.app */;
			productType = "com.apple.product-type.application";
		};
		D8F83E581EBAFE880055E33E /* LottieDemoTests */ = {
			isa = PBXNativeTarget;
			buildConfigurationList = D8F83E701EBAFE880055E33E /* Build configuration list for PBXNativeTarget "LottieDemoTests" */;
			buildPhases = (
				23B5DEA4DAEC422957C02F44 /* [CP] Check Pods Manifest.lock */,
				D8F83E551EBAFE880055E33E /* Sources */,
				D8F83E561EBAFE880055E33E /* Frameworks */,
				D8F83E571EBAFE880055E33E /* Resources */,
				EFF98B4CA614BA4ECCC92D01 /* [CP] Embed Pods Frameworks */,
				0EF63C929F3A26A44B66BD69 /* [CP] Copy Pods Resources */,
			);
			buildRules = (
			);
			dependencies = (
				D8F83E5B1EBAFE880055E33E /* PBXTargetDependency */,
			);
			name = LottieDemoTests;
			productName = LottieDemoTests;
			productReference = D8F83E591EBAFE880055E33E /* LottieDemoTests.xctest */;
			productType = "com.apple.product-type.bundle.unit-test";
		};
		D8F83E631EBAFE880055E33E /* LottieDemoUITests */ = {
			isa = PBXNativeTarget;
			buildConfigurationList = D8F83E731EBAFE880055E33E /* Build configuration list for PBXNativeTarget "LottieDemoUITests" */;
			buildPhases = (
				6EACBE991376A105152B524E /* [CP] Check Pods Manifest.lock */,
				D8F83E601EBAFE880055E33E /* Sources */,
				D8F83E611EBAFE880055E33E /* Frameworks */,
				D8F83E621EBAFE880055E33E /* Resources */,
				CBC20D25BA16827E64F32F72 /* [CP] Embed Pods Frameworks */,
				8BAD0034D24513C1107C93E7 /* [CP] Copy Pods Resources */,
			);
			buildRules = (
			);
			dependencies = (
				D8F83E661EBAFE880055E33E /* PBXTargetDependency */,
			);
			name = LottieDemoUITests;
			productName = LottieDemoUITests;
			productReference = D8F83E641EBAFE880055E33E /* LottieDemoUITests.xctest */;
			productType = "com.apple.product-type.bundle.ui-testing";
		};
/* End PBXNativeTarget section */

/* Begin PBXProject section */
		D8F83E381EBAFE880055E33E /* Project object */ = {
			isa = PBXProject;
			attributes = {
				LastUpgradeCheck = 0830;
				ORGANIZATIONNAME = "杭州迪火科技有限公司";
				TargetAttributes = {
					D8F83E3F1EBAFE880055E33E = {
						CreatedOnToolsVersion = 8.3.2;
						DevelopmentTeam = 3YA59WQ63S;
						ProvisioningStyle = Automatic;
					};
					D8F83E581EBAFE880055E33E = {
						CreatedOnToolsVersion = 8.3.2;
						DevelopmentTeam = 3YA59WQ63S;
						ProvisioningStyle = Automatic;
						TestTargetID = D8F83E3F1EBAFE880055E33E;
					};
					D8F83E631EBAFE880055E33E = {
						CreatedOnToolsVersion = 8.3.2;
						DevelopmentTeam = 3YA59WQ63S;
						ProvisioningStyle = Automatic;
						TestTargetID = D8F83E3F1EBAFE880055E33E;
					};
				};
			};
			buildConfigurationList = D8F83E3B1EBAFE880055E33E /* Build configuration list for PBXProject "LottieDemo" */;
			compatibilityVersion = "Xcode 3.2";
			developmentRegion = English;
			hasScannedForEncodings = 0;
			knownRegions = (
				en,
				Base,
			);
			mainGroup = D8F83E371EBAFE880055E33E;
			productRefGroup = D8F83E411EBAFE880055E33E /* Products */;
			projectDirPath = "";
			projectRoot = "";
			targets = (
				D8F83E3F1EBAFE880055E33E /* LottieDemo */,
				D8F83E581EBAFE880055E33E /* LottieDemoTests */,
				D8F83E631EBAFE880055E33E /* LottieDemoUITests */,
			);
		};
/* End PBXProject section */

/* Begin PBXResourcesBuildPhase section */
		D8F83E3E1EBAFE880055E33E /* Resources */ = {
			isa = PBXResourcesBuildPhase;
			buildActionMask = 2147483647;
			files = (
				D8F83E791EBB08820055E33E /* servishero_loading.json in Resources */,
				D8F83E531EBAFE880055E33E /* LaunchScreen.storyboard in Resources */,
				D8F83E501EBAFE880055E33E /* Assets.xcassets in Resources */,
				D8F83E4E1EBAFE880055E33E /* Main.storyboard in Resources */,
				D8F83E771EBB048C0055E33E /* fish.json in Resources */,
			);
			runOnlyForDeploymentPostprocessing = 0;
		};
		D8F83E571EBAFE880055E33E /* Resources */ = {
			isa = PBXResourcesBuildPhase;
			buildActionMask = 2147483647;
			files = (
			);
			runOnlyForDeploymentPostprocessing = 0;
		};
		D8F83E621EBAFE880055E33E /* Resources */ = {
			isa = PBXResourcesBuildPhase;
			buildActionMask = 2147483647;
			files = (
			);
			runOnlyForDeploymentPostprocessing = 0;
		};
/* End PBXResourcesBuildPhase section */

/* Begin PBXShellScriptBuildPhase section */
		0EF63C929F3A26A44B66BD69 /* [CP] Copy Pods Resources */ = {
			isa = PBXShellScriptBuildPhase;
			buildActionMask = 2147483647;
			files = (
			);
			inputPaths = (
			);
			name = "[CP] Copy Pods Resources";
			outputPaths = (
			);
			runOnlyForDeploymentPostprocessing = 0;
			shellPath = /bin/sh;
			shellScript = "\"${SRCROOT}/Pods/Target Support Files/Pods-LottieDemoTests/Pods-LottieDemoTests-resources.sh\"\n";
			showEnvVarsInLog = 0;
		};
		23B5DEA4DAEC422957C02F44 /* [CP] Check Pods Manifest.lock */ = {
			isa = PBXShellScriptBuildPhase;
			buildActionMask = 2147483647;
			files = (
			);
			inputPaths = (
			);
			name = "[CP] Check Pods Manifest.lock";
			outputPaths = (
			);
			runOnlyForDeploymentPostprocessing = 0;
			shellPath = /bin/sh;
			shellScript = "diff \"${PODS_PODFILE_DIR_PATH}/Podfile.lock\" \"${PODS_ROOT}/Manifest.lock\" > /dev/null\nif [ $? != 0 ] ; then\n    # print error to STDERR\n    echo \"error: The sandbox is not in sync with the Podfile.lock. Run 'pod install' or update your CocoaPods installation.\" >&2\n    exit 1\nfi\n";
			showEnvVarsInLog = 0;
		};
		2F06D81988C64B690B280789 /* [CP] Copy Pods Resources */ = {
			isa = PBXShellScriptBuildPhase;
			buildActionMask = 2147483647;
			files = (
			);
			inputPaths = (
			);
			name = "[CP] Copy Pods Resources";
			outputPaths = (
			);
			runOnlyForDeploymentPostprocessing = 0;
			shellPath = /bin/sh;
			shellScript = "\"${SRCROOT}/Pods/Target Support Files/Pods-LottieDemo/Pods-LottieDemo-resources.sh\"\n";
			showEnvVarsInLog = 0;
		};
		30C58F50E6C45C1C82DEA63F /* [CP] Embed Pods Frameworks */ = {
			isa = PBXShellScriptBuildPhase;
			buildActionMask = 2147483647;
			files = (
			);
			inputPaths = (
			);
			name = "[CP] Embed Pods Frameworks";
			outputPaths = (
			);
			runOnlyForDeploymentPostprocessing = 0;
			shellPath = /bin/sh;
			shellScript = "\"${SRCROOT}/Pods/Target Support Files/Pods-LottieDemo/Pods-LottieDemo-frameworks.sh\"\n";
			showEnvVarsInLog = 0;
		};
		6EACBE991376A105152B524E /* [CP] Check Pods Manifest.lock */ = {
			isa = PBXShellScriptBuildPhase;
			buildActionMask = 2147483647;
			files = (
			);
			inputPaths = (
			);
			name = "[CP] Check Pods Manifest.lock";
			outputPaths = (
			);
			runOnlyForDeploymentPostprocessing = 0;
			shellPath = /bin/sh;
			shellScript = "diff \"${PODS_PODFILE_DIR_PATH}/Podfile.lock\" \"${PODS_ROOT}/Manifest.lock\" > /dev/null\nif [ $? != 0 ] ; then\n    # print error to STDERR\n    echo \"error: The sandbox is not in sync with the Podfile.lock. Run 'pod install' or update your CocoaPods installation.\" >&2\n    exit 1\nfi\n";
			showEnvVarsInLog = 0;
		};
		8BAD0034D24513C1107C93E7 /* [CP] Copy Pods Resources */ = {
			isa = PBXShellScriptBuildPhase;
			buildActionMask = 2147483647;
			files = (
			);
			inputPaths = (
			);
			name = "[CP] Copy Pods Resources";
			outputPaths = (
			);
			runOnlyForDeploymentPostprocessing = 0;
			shellPath = /bin/sh;
			shellScript = "\"${SRCROOT}/Pods/Target Support Files/Pods-LottieDemoUITests/Pods-LottieDemoUITests-resources.sh\"\n";
			showEnvVarsInLog = 0;
		};
		B9E2E2B54A76AFD62D41EA62 /* [CP] Check Pods Manifest.lock */ = {
			isa = PBXShellScriptBuildPhase;
			buildActionMask = 2147483647;
			files = (
			);
			inputPaths = (
			);
			name = "[CP] Check Pods Manifest.lock";
			outputPaths = (
			);
			runOnlyForDeploymentPostprocessing = 0;
			shellPath = /bin/sh;
			shellScript = "diff \"${PODS_PODFILE_DIR_PATH}/Podfile.lock\" \"${PODS_ROOT}/Manifest.lock\" > /dev/null\nif [ $? != 0 ] ; then\n    # print error to STDERR\n    echo \"error: The sandbox is not in sync with the Podfile.lock. Run 'pod install' or update your CocoaPods installation.\" >&2\n    exit 1\nfi\n";
			showEnvVarsInLog = 0;
		};
		CBC20D25BA16827E64F32F72 /* [CP] Embed Pods Frameworks */ = {
			isa = PBXShellScriptBuildPhase;
			buildActionMask = 2147483647;
			files = (
			);
			inputPaths = (
			);
			name = "[CP] Embed Pods Frameworks";
			outputPaths = (
			);
			runOnlyForDeploymentPostprocessing = 0;
			shellPath = /bin/sh;
			shellScript = "\"${SRCROOT}/Pods/Target Support Files/Pods-LottieDemoUITests/Pods-LottieDemoUITests-frameworks.sh\"\n";
			showEnvVarsInLog = 0;
		};
		EFF98B4CA614BA4ECCC92D01 /* [CP] Embed Pods Frameworks */ = {
			isa = PBXShellScriptBuildPhase;
			buildActionMask = 2147483647;
			files = (
			);
			inputPaths = (
			);
			name = "[CP] Embed Pods Frameworks";
			outputPaths = (
			);
			runOnlyForDeploymentPostprocessing = 0;
			shellPath = /bin/sh;
			shellScript = "\"${SRCROOT}/Pods/Target Support Files/Pods-LottieDemoTests/Pods-LottieDemoTests-frameworks.sh\"\n";
			showEnvVarsInLog = 0;
		};
/* End PBXShellScriptBuildPhase section */

/* Begin PBXSourcesBuildPhase section */
		D8F83E3C1EBAFE880055E33E /* Sources */ = {
			isa = PBXSourcesBuildPhase;
			buildActionMask = 2147483647;
			files = (
				D8F83E4B1EBAFE880055E33E /* ViewController.m in Sources */,
				D8F83E481EBAFE880055E33E /* AppDelegate.m in Sources */,
				D8F83E451EBAFE880055E33E /* main.m in Sources */,
			);
			runOnlyForDeploymentPostprocessing = 0;
		};
		D8F83E551EBAFE880055E33E /* Sources */ = {
			isa = PBXSourcesBuildPhase;
			buildActionMask = 2147483647;
			files = (
				D8F83E5E1EBAFE880055E33E /* LottieDemoTests.m in Sources */,
			);
			runOnlyForDeploymentPostprocessing = 0;
		};
		D8F83E601EBAFE880055E33E /* Sources */ = {
			isa = PBXSourcesBuildPhase;
			buildActionMask = 2147483647;
			files = (
				D8F83E691EBAFE880055E33E /* LottieDemoUITests.m in Sources */,
			);
			runOnlyForDeploymentPostprocessing = 0;
		};
/* End PBXSourcesBuildPhase section */

/* Begin PBXTargetDependency section */
		D8F83E5B1EBAFE880055E33E /* PBXTargetDependency */ = {
			isa = PBXTargetDependency;
			target = D8F83E3F1EBAFE880055E33E /* LottieDemo */;
			targetProxy = D8F83E5A1EBAFE880055E33E /* PBXContainerItemProxy */;
		};
		D8F83E661EBAFE880055E33E /* PBXTargetDependency */ = {
			isa = PBXTargetDependency;
			target = D8F83E3F1EBAFE880055E33E /* LottieDemo */;
			targetProxy = D8F83E651EBAFE880055E33E /* PBXContainerItemProxy */;
		};
/* End PBXTargetDependency section */

/* Begin PBXVariantGroup section */
		D8F83E4C1EBAFE880055E33E /* Main.storyboard */ = {
			isa = PBXVariantGroup;
			children = (
				D8F83E4D1EBAFE880055E33E /* Base */,
			);
			name = Main.storyboard;
			sourceTree = "<group>";
		};
		D8F83E511EBAFE880055E33E /* LaunchScreen.storyboard */ = {
			isa = PBXVariantGroup;
			children = (
				D8F83E521EBAFE880055E33E /* Base */,
			);
			name = LaunchScreen.storyboard;
			sourceTree = "<group>";
		};
/* End PBXVariantGroup section */

/* Begin XCBuildConfiguration section */
		D8F83E6B1EBAFE880055E33E /* Debug */ = {
			isa = XCBuildConfiguration;
			buildSettings = {
				ALWAYS_SEARCH_USER_PATHS = NO;
				CLANG_ANALYZER_NONNULL = YES;
				CLANG_ANALYZER_NUMBER_OBJECT_CONVERSION = YES_AGGRESSIVE;
				CLANG_CXX_LANGUAGE_STANDARD = "gnu++0x";
				CLANG_CXX_LIBRARY = "libc++";
				CLANG_ENABLE_MODULES = YES;
				CLANG_ENABLE_OBJC_ARC = YES;
				CLANG_WARN_BOOL_CONVERSION = YES;
				CLANG_WARN_CONSTANT_CONVERSION = YES;
				CLANG_WARN_DIRECT_OBJC_ISA_USAGE = YES_ERROR;
				CLANG_WARN_DOCUMENTATION_COMMENTS = YES;
				CLANG_WARN_EMPTY_BODY = YES;
				CLANG_WARN_ENUM_CONVERSION = YES;
				CLANG_WARN_INFINITE_RECURSION = YES;
				CLANG_WARN_INT_CONVERSION = YES;
				CLANG_WARN_OBJC_ROOT_CLASS = YES_ERROR;
				CLANG_WARN_SUSPICIOUS_MOVE = YES;
				CLANG_WARN_UNREACHABLE_CODE = YES;
				CLANG_WARN__DUPLICATE_METHOD_MATCH = YES;
				"CODE_SIGN_IDENTITY[sdk=iphoneos*]" = "iPhone Developer";
				COPY_PHASE_STRIP = NO;
				DEBUG_INFORMATION_FORMAT = dwarf;
				ENABLE_STRICT_OBJC_MSGSEND = YES;
				ENABLE_TESTABILITY = YES;
				GCC_C_LANGUAGE_STANDARD = gnu99;
				GCC_DYNAMIC_NO_PIC = NO;
				GCC_NO_COMMON_BLOCKS = YES;
				GCC_OPTIMIZATION_LEVEL = 0;
				GCC_PREPROCESSOR_DEFINITIONS = (
					"DEBUG=1",
					"$(inherited)",
				);
				GCC_WARN_64_TO_32_BIT_CONVERSION = YES;
				GCC_WARN_ABOUT_RETURN_TYPE = YES_ERROR;
				GCC_WARN_UNDECLARED_SELECTOR = YES;
				GCC_WARN_UNINITIALIZED_AUTOS = YES_AGGRESSIVE;
				GCC_WARN_UNUSED_FUNCTION = YES;
				GCC_WARN_UNUSED_VARIABLE = YES;
				IPHONEOS_DEPLOYMENT_TARGET = 10.3;
				MTL_ENABLE_DEBUG_INFO = YES;
				ONLY_ACTIVE_ARCH = YES;
				SDKROOT = iphoneos;
				TARGETED_DEVICE_FAMILY = "1,2";
			};
			name = Debug;
		};
		D8F83E6C1EBAFE880055E33E /* Release */ = {
			isa = XCBuildConfiguration;
			buildSettings = {
				ALWAYS_SEARCH_USER_PATHS = NO;
				CLANG_ANALYZER_NONNULL = YES;
				CLANG_ANALYZER_NUMBER_OBJECT_CONVERSION = YES_AGGRESSIVE;
				CLANG_CXX_LANGUAGE_STANDARD = "gnu++0x";
				CLANG_CXX_LIBRARY = "libc++";
				CLANG_ENABLE_MODULES = YES;
				CLANG_ENABLE_OBJC_ARC = YES;
				CLANG_WARN_BOOL_CONVERSION = YES;
				CLANG_WARN_CONSTANT_CONVERSION = YES;
				CLANG_WARN_DIRECT_OBJC_ISA_USAGE = YES_ERROR;
				CLANG_WARN_DOCUMENTATION_COMMENTS = YES;
				CLANG_WARN_EMPTY_BODY = YES;
				CLANG_WARN_ENUM_CONVERSION = YES;
				CLANG_WARN_INFINITE_RECURSION = YES;
				CLANG_WARN_INT_CONVERSION = YES;
				CLANG_WARN_OBJC_ROOT_CLASS = YES_ERROR;
				CLANG_WARN_SUSPICIOUS_MOVE = YES;
				CLANG_WARN_UNREACHABLE_CODE = YES;
				CLANG_WARN__DUPLICATE_METHOD_MATCH = YES;
				"CODE_SIGN_IDENTITY[sdk=iphoneos*]" = "iPhone Developer";
				COPY_PHASE_STRIP = NO;
				DEBUG_INFORMATION_FORMAT = "dwarf-with-dsym";
				ENABLE_NS_ASSERTIONS = NO;
				ENABLE_STRICT_OBJC_MSGSEND = YES;
				GCC_C_LANGUAGE_STANDARD = gnu99;
				GCC_NO_COMMON_BLOCKS = YES;
				GCC_WARN_64_TO_32_BIT_CONVERSION = YES;
				GCC_WARN_ABOUT_RETURN_TYPE = YES_ERROR;
				GCC_WARN_UNDECLARED_SELECTOR = YES;
				GCC_WARN_UNINITIALIZED_AUTOS = YES_AGGRESSIVE;
				GCC_WARN_UNUSED_FUNCTION = YES;
				GCC_WARN_UNUSED_VARIABLE = YES;
				IPHONEOS_DEPLOYMENT_TARGET = 10.3;
				MTL_ENABLE_DEBUG_INFO = NO;
				SDKROOT = iphoneos;
				TARGETED_DEVICE_FAMILY = "1,2";
				VALIDATE_PRODUCT = YES;
			};
			name = Release;
		};
		D8F83E6E1EBAFE880055E33E /* Debug */ = {
			isa = XCBuildConfiguration;
			baseConfigurationReference = A228D703F94C11259DCEB83C /* Pods-LottieDemo.debug.xcconfig */;
			buildSettings = {
				ASSETCATALOG_COMPILER_APPICON_NAME = AppIcon;
				DEVELOPMENT_TEAM = 3YA59WQ63S;
				INFOPLIST_FILE = LottieDemo/Info.plist;
				LD_RUNPATH_SEARCH_PATHS = "$(inherited) @executable_path/Frameworks";
				PRODUCT_BUNDLE_IDENTIFIER = xiaolongxia.LottieDemo;
				PRODUCT_NAME = "$(TARGET_NAME)";
			};
			name = Debug;
		};
		D8F83E6F1EBAFE880055E33E /* Release */ = {
			isa = XCBuildConfiguration;
			baseConfigurationReference = 0A646710D574FF0DE9043CEF /* Pods-LottieDemo.release.xcconfig */;
			buildSettings = {
				ASSETCATALOG_COMPILER_APPICON_NAME = AppIcon;
				DEVELOPMENT_TEAM = 3YA59WQ63S;
				INFOPLIST_FILE = LottieDemo/Info.plist;
				LD_RUNPATH_SEARCH_PATHS = "$(inherited) @executable_path/Frameworks";
				PRODUCT_BUNDLE_IDENTIFIER = xiaolongxia.LottieDemo;
				PRODUCT_NAME = "$(TARGET_NAME)";
			};
			name = Release;
		};
		D8F83E711EBAFE880055E33E /* Debug */ = {
			isa = XCBuildConfiguration;
			baseConfigurationReference = 32D3C51FAFDE665796771362 /* Pods-LottieDemoTests.debug.xcconfig */;
			buildSettings = {
				BUNDLE_LOADER = "$(TEST_HOST)";
				DEVELOPMENT_TEAM = 3YA59WQ63S;
				INFOPLIST_FILE = LottieDemoTests/Info.plist;
				LD_RUNPATH_SEARCH_PATHS = "$(inherited) @executable_path/Frameworks @loader_path/Frameworks";
				PRODUCT_BUNDLE_IDENTIFIER = xiaolongxia.LottieDemoTests;
				PRODUCT_NAME = "$(TARGET_NAME)";
				TEST_HOST = "$(BUILT_PRODUCTS_DIR)/LottieDemo.app/LottieDemo";
			};
			name = Debug;
		};
		D8F83E721EBAFE880055E33E /* Release */ = {
			isa = XCBuildConfiguration;
			baseConfigurationReference = CEE3911885B4F4CCDDC64FB3 /* Pods-LottieDemoTests.release.xcconfig */;
			buildSettings = {
				BUNDLE_LOADER = "$(TEST_HOST)";
				DEVELOPMENT_TEAM = 3YA59WQ63S;
				INFOPLIST_FILE = LottieDemoTests/Info.plist;
				LD_RUNPATH_SEARCH_PATHS = "$(inherited) @executable_path/Frameworks @loader_path/Frameworks";
				PRODUCT_BUNDLE_IDENTIFIER = xiaolongxia.LottieDemoTests;
				PRODUCT_NAME = "$(TARGET_NAME)";
				TEST_HOST = "$(BUILT_PRODUCTS_DIR)/LottieDemo.app/LottieDemo";
			};
			name = Release;
		};
		D8F83E741EBAFE880055E33E /* Debug */ = {
			isa = XCBuildConfiguration;
			baseConfigurationReference = AE632DA029D20C95A1FA80E1 /* Pods-LottieDemoUITests.debug.xcconfig */;
			buildSettings = {
				DEVELOPMENT_TEAM = 3YA59WQ63S;
				INFOPLIST_FILE = LottieDemoUITests/Info.plist;
				LD_RUNPATH_SEARCH_PATHS = "$(inherited) @executable_path/Frameworks @loader_path/Frameworks";
				PRODUCT_BUNDLE_IDENTIFIER = xiaolongxia.LottieDemoUITests;
				PRODUCT_NAME = "$(TARGET_NAME)";
				TEST_TARGET_NAME = LottieDemo;
			};
			name = Debug;
		};
		D8F83E751EBAFE880055E33E /* Release */ = {
			isa = XCBuildConfiguration;
			baseConfigurationReference = E4082F86FFE7D07F80F3908E /* Pods-LottieDemoUITests.release.xcconfig */;
			buildSettings = {
				DEVELOPMENT_TEAM = 3YA59WQ63S;
				INFOPLIST_FILE = LottieDemoUITests/Info.plist;
				LD_RUNPATH_SEARCH_PATHS = "$(inherited) @executable_path/Frameworks @loader_path/Frameworks";
				PRODUCT_BUNDLE_IDENTIFIER = xiaolongxia.LottieDemoUITests;
				PRODUCT_NAME = "$(TARGET_NAME)";
				TEST_TARGET_NAME = LottieDemo;
			};
			name = Release;
		};
/* End XCBuildConfiguration section */

/* Begin XCConfigurationList section */
		D8F83E3B1EBAFE880055E33E /* Build configuration list for PBXProject "LottieDemo" */ = {
			isa = XCConfigurationList;
			buildConfigurations = (
				D8F83E6B1EBAFE880055E33E /* Debug */,
				D8F83E6C1EBAFE880055E33E /* Release */,
			);
			defaultConfigurationIsVisible = 0;
			defaultConfigurationName = Release;
		};
		D8F83E6D1EBAFE880055E33E /* Build configuration list for PBXNativeTarget "LottieDemo" */ = {
			isa = XCConfigurationList;
			buildConfigurations = (
				D8F83E6E1EBAFE880055E33E /* Debug */,
				D8F83E6F1EBAFE880055E33E /* Release */,
			);
			defaultConfigurationIsVisible = 0;
			defaultConfigurationName = Release;
		};
		D8F83E701EBAFE880055E33E /* Build configuration list for PBXNativeTarget "LottieDemoTests" */ = {
			isa = XCConfigurationList;
			buildConfigurations = (
				D8F83E711EBAFE880055E33E /* Debug */,
				D8F83E721EBAFE880055E33E /* Release */,
			);
			defaultConfigurationIsVisible = 0;
			defaultConfigurationName = Release;
		};
		D8F83E731EBAFE880055E33E /* Build configuration list for PBXNativeTarget "LottieDemoUITests" */ = {
			isa = XCConfigurationList;
			buildConfigurations = (
				D8F83E741EBAFE880055E33E /* Debug */,
				D8F83E751EBAFE880055E33E /* Release */,
			);
			defaultConfigurationIsVisible = 0;
			defaultConfigurationName = Release;
		};
/* End XCConfigurationList section */
	};
	rootObject = D8F83E381EBAFE880055E33E /* Project object */;
}
